
Microsoft Visual Studio Solution File, Format Version 12.00
# Visual Studio Version 17
VisualStudioVersion = 17.13.35825.156
MinimumVisualStudioVersion = 10.0.40219.1
Project("{FAE04EC0-301F-11D3-BF4B-00C04F79EFBC}") = "01-TennisEquipment", "01-TennisEquipment\01-TennisEquipment.csproj", "{8457EA3C-70D6-4CA4-B6C6-30B1297C8717}"
EndProject
Project("{FAE04EC0-301F-11D3-BF4B-00C04F79EFBC}") = "02-BasketballEquipment", "02-BasketballEquipment\02-BasketballEquipment.csproj", "{143927CD-A36A-4FFB-AD25-AF99565BD357}"
EndProject
Project("{FAE04EC0-301F-11D3-BF4B-00C04F79EFBC}") = "03-FotballResults", "03-FotballResults\03-FotballResults.csproj", "{64EB08E5-D152-45D6-A80F-7AF773A3B89E}"
EndProject
Project("{FAE04EC0-301F-11D3-BF4B-00C04F79EFBC}") = "04-Skeleton", "04-Skeleton\04-Skeleton.csproj", "{788A28CA-C5EF-40AE-8198-C911DCCEE41A}"
EndProject
Project("{FAE04EC0-301F-11D3-BF4B-00C04F79EFBC}") = "05-Gymnastics", "05-Gymnastics\05-Gymnastics.csproj", "{B8D6E2FB-ADA7-44A7-A006-A9114FA567F4}"
EndProject
Global
	GlobalSection(SolutionConfigurationPlatforms) = preSolution
		Debug|Any CPU = Debug|Any CPU
		Release|Any CPU = Release|Any CPU
	EndGlobalSection
	GlobalSection(ProjectConfigurationPlatforms) = postSolution
		{8457EA3C-70D6-4CA4-B6C6-30B1297C8717}.Debug|Any CPU.ActiveCfg = Debug|Any CPU
		{8457EA3C-70D6-4CA4-B6C6-30B1297C8717}.Debug|Any CPU.Build.0 = Debug|Any CPU
		{8457EA3C-70D6-4CA4-B6C6-30B1297C8717}.Release|Any CPU.ActiveCfg = Release|Any CPU
		{8457EA3C-70D6-4CA4-B6C6-30B1297C8717}.Release|Any CPU.Build.0 = Release|Any CPU
		{143927CD-A36A-4FFB-AD25-AF99565BD357}.Debug|Any CPU.ActiveCfg = Debug|Any CPU
		{143927CD-A36A-4FFB-AD25-AF99565BD357}.Debug|Any CPU.Build.0 = Debug|Any CPU
		{143927CD-A36A-4FFB-AD25-AF99565BD357}.Release|Any CPU.ActiveCfg = Release|Any CPU
		{143927CD-A36A-4FFB-AD25-AF99565BD357}.Release|Any CPU.Build.0 = Release|Any CPU
		{64EB08E5-D152-45D6-A80F-7AF773A3B89E}.Debug|Any CPU.ActiveCfg = Debug|Any CPU
		{64EB08E5-D152-45D6-A80F-7AF773A3B89E}.Debug|Any CPU.Build.0 = Debug|Any CPU
		{64EB08E5-D152-45D6-A80F-7AF773A3B89E}.Release|Any CPU.ActiveCfg = Release|Any CPU
		{64EB08E5-D152-45D6-A80F-7AF773A3B89E}.Release|Any CPU.Build.0 = Release|Any CPU
		{788A28CA-C5EF-40AE-8198-C911DCCEE41A}.Debug|Any CPU.ActiveCfg = Debug|Any CPU
		{788A28CA-C5EF-40AE-8198-C911DCCEE41A}.Debug|Any CPU.Build.0 = Debug|Any CPU
		{788A28CA-C5EF-40AE-8198-C911DCCEE41A}.Release|Any CPU.ActiveCfg = Release|Any CPU
		{788A28CA-C5EF-40AE-8198-C911DCCEE41A}.Release|Any CPU.Build.0 = Release|Any CPU
		{B8D6E2FB-ADA7-44A7-A006-A9114FA567F4}.Debug|Any CPU.ActiveCfg = Debug|Any CPU
		{B8D6E2FB-ADA7-44A7-A006-A9114FA567F4}.Debug|Any CPU.Build.0 = Debug|Any CPU
		{B8D6E2FB-ADA7-44A7-A006-A9114FA567F4}.Release|Any CPU.ActiveCfg = Release|Any CPU
		{B8D6E2FB-ADA7-44A7-A006-A9114FA567F4}.Release|Any CPU.Build.0 = Release|Any CPU
	EndGlobalSection
	GlobalSection(SolutionProperties) = preSolution
		HideSolutionNode = FALSE
	EndGlobalSection
	GlobalSection(ExtensibilityGlobals) = postSolution
		SolutionGuid = {AFA05918-984D-4878-AFA6-C89528F9A64B}
	EndGlobalSection
EndGlobal
